// !$*UTF8*$!
{
	archiveVersion = 1;
	classes = {
	};
	objectVersion = 46;
	objects = {

/* Begin PBXBuildFile section */
		915CBCFF1C8D9700001C343B /* main.m in Sources */ = {isa = PBXBuildFile; fileRef = 915CBCFE1C8D9700001C343B /* main.m */; };
		915CBD021C8D9700001C343B /* AppDelegate.m in Sources */ = {isa = PBXBuildFile; fileRef = 915CBD011C8D9700001C343B /* AppDelegate.m */; };
		915CBD051C8D9700001C343B /* ViewController.m in Sources */ = {isa = PBXBuildFile; fileRef = 915CBD041C8D9700001C343B /* ViewController.m */; };
		915CBD081C8D9700001C343B /* Main.storyboard in Resources */ = {isa = PBXBuildFile; fileRef = 915CBD061C8D9700001C343B /* Main.storyboard */; };
		915CBD0A1C8D9700001C343B /* Assets.xcassets in Resources */ = {isa = PBXBuildFile; fileRef = 915CBD091C8D9700001C343B /* Assets.xcassets */; };
		915CBD0D1C8D9700001C343B /* LaunchScreen.storyboard in Resources */ = {isa = PBXBuildFile; fileRef = 915CBD0B1C8D9700001C343B /* LaunchScreen.storyboard */; };
		915CBD181C8D9700001C343B /* Objective_C__________Tests.m in Sources */ = {isa = PBXBuildFile; fileRef = 915CBD171C8D9700001C343B /* Objective_C__________Tests.m */; };
		915CBD231C8D9700001C343B /* Objective_C__________UITests.m in Sources */ = {isa = PBXBuildFile; fileRef = 915CBD221C8D9700001C343B /* Objective_C__________UITests.m */; };
/* End PBXBuildFile section */

/* Begin PBXContainerItemProxy section */
		915CBD141C8D9700001C343B /* PBXContainerItemProxy */ = {
			isa = PBXContainerItemProxy;
			containerPortal = 915CBCF21C8D9700001C343B /* Project object */;
			proxyType = 1;
			remoteGlobalIDString = 915CBCF91C8D9700001C343B;
			remoteInfo = "Objective-C中的各种迭代（遍历）";
		};
		915CBD1F1C8D9700001C343B /* PBXContainerItemProxy */ = {
			isa = PBXContainerItemProxy;
			containerPortal = 915CBCF21C8D9700001C343B /* Project object */;
			proxyType = 1;
			remoteGlobalIDString = 915CBCF91C8D9700001C343B;
			remoteInfo = "Objective-C中的各种迭代（遍历）";
		};
/* End PBXContainerItemProxy section */

/* Begin PBXFileReference section */
		915CBCFA1C8D9700001C343B /* Objective-C中的各种迭代（遍历）.app */ = {isa = PBXFileReference; explicitFileType = wrapper.application; includeInIndex = 0; path = "Objective-C中的各种迭代（遍历）.app"; sourceTree = BUILT_PRODUCTS_DIR; };
		915CBCFE1C8D9700001C343B /* main.m */ = {isa = PBXFileReference; lastKnownFileType = sourcecode.c.objc; path = main.m; sourceTree = "<group>"; };
		915CBD001C8D9700001C343B /* AppDelegate.h */ = {isa = PBXFileReference; lastKnownFileType = sourcecode.c.h; path = AppDelegate.h; sourceTree = "<group>"; };
		915CBD011C8D9700001C343B /* AppDelegate.m */ = {isa = PBXFileReference; lastKnownFileType = sourcecode.c.objc; path = AppDelegate.m; sourceTree = "<group>"; };
		915CBD031C8D9700001C343B /* ViewController.h */ = {isa = PBXFileReference; lastKnownFileType = sourcecode.c.h; path = ViewController.h; sourceTree = "<group>"; };
		915CBD041C8D9700001C343B /* ViewController.m */ = {isa = PBXFileReference; lastKnownFileType = sourcecode.c.objc; path = ViewController.m; sourceTree = "<group>"; };
		915CBD071C8D9700001C343B /* Base */ = {isa = PBXFileReference; lastKnownFileType = file.storyboard; name = Base; path = Base.lproj/Main.storyboard; sourceTree = "<group>"; };
		915CBD091C8D9700001C343B /* Assets.xcassets */ = {isa = PBXFileReference; lastKnownFileType = folder.assetcatalog; path = Assets.xcassets; sourceTree = "<group>"; };
		915CBD0C1C8D9700001C343B /* Base */ = {isa = PBXFileReference; lastKnownFileType = file.storyboard; name = Base; path = Base.lproj/LaunchScreen.storyboard; sourceTree = "<group>"; };
		915CBD0E1C8D9700001C343B /* Info.plist */ = {isa = PBXFileReference; lastKnownFileType = text.plist.xml; path = Info.plist; sourceTree = "<group>"; };
		915CBD131C8D9700001C343B /* Objective-C中的各种迭代（遍历）Tests.xctest */ = {isa = PBXFileReference; explicitFileType = wrapper.cfbundle; includeInIndex = 0; path = "Objective-C中的各种迭代（遍历）Tests.xctest"; sourceTree = BUILT_PRODUCTS_DIR; };
		915CBD171C8D9700001C343B /* Objective_C__________Tests.m */ = {isa = PBXFileReference; lastKnownFileType = sourcecode.c.objc; path = "Objective_C__________Tests.m"; sourceTree = "<group>"; };
		915CBD191C8D9700001C343B /* Info.plist */ = {isa = PBXFileReference; lastKnownFileType = text.plist.xml; path = Info.plist; sourceTree = "<group>"; };
		915CBD1E1C8D9700001C343B /* Objective-C中的各种迭代（遍历）UITests.xctest */ = {isa = PBXFileReference; explicitFileType = wrapper.cfbundle; includeInIndex = 0; path = "Objective-C中的各种迭代（遍历）UITests.xctest"; sourceTree = BUILT_PRODUCTS_DIR; };
		915CBD221C8D9700001C343B /* Objective_C__________UITests.m */ = {isa = PBXFileReference; lastKnownFileType = sourcecode.c.objc; path = "Objective_C__________UITests.m"; sourceTree = "<group>"; };
		915CBD241C8D9700001C343B /* Info.plist */ = {isa = PBXFileReference; lastKnownFileType = text.plist.xml; path = Info.plist; sourceTree = "<group>"; };
/* End PBXFileReference section */

/* Begin PBXFrameworksBuildPhase section */
		915CBCF71C8D9700001C343B /* Frameworks */ = {
			isa = PBXFrameworksBuildPhase;
			buildActionMask = 2147483647;
			files = (
			);
			runOnlyForDeploymentPostprocessing = 0;
		};
		915CBD101C8D9700001C343B /* Frameworks */ = {
			isa = PBXFrameworksBuildPhase;
			buildActionMask = 2147483647;
			files = (
			);
			runOnlyForDeploymentPostprocessing = 0;
		};
		915CBD1B1C8D9700001C343B /* Frameworks */ = {
			isa = PBXFrameworksBuildPhase;
			buildActionMask = 2147483647;
			files = (
			);
			runOnlyForDeploymentPostprocessing = 0;
		};
/* End PBXFrameworksBuildPhase section */

/* Begin PBXGroup section */
		915CBCF11C8D9700001C343B = {
			isa = PBXGroup;
			children = (
				915CBCFC1C8D9700001C343B /* Objective-C中的各种迭代（遍历） */,
				915CBD161C8D9700001C343B /* Objective-C中的各种迭代（遍历）Tests */,
				915CBD211C8D9700001C343B /* Objective-C中的各种迭代（遍历）UITests */,
				915CBCFB1C8D9700001C343B /* Products */,
			);
			sourceTree = "<group>";
		};
		915CBCFB1C8D9700001C343B /* Products */ = {
			isa = PBXGroup;
			children = (
				915CBCFA1C8D9700001C343B /* Objective-C中的各种迭代（遍历）.app */,
				915CBD131C8D9700001C343B /* Objective-C中的各种迭代（遍历）Tests.xctest */,
				915CBD1E1C8D9700001C343B /* Objective-C中的各种迭代（遍历）UITests.xctest */,
			);
			name = Products;
			sourceTree = "<group>";
		};
		915CBCFC1C8D9700001C343B /* Objective-C中的各种迭代（遍历） */ = {
			isa = PBXGroup;
			children = (
				915CBD001C8D9700001C343B /* AppDelegate.h */,
				915CBD011C8D9700001C343B /* AppDelegate.m */,
				915CBD031C8D9700001C343B /* ViewController.h */,
				915CBD041C8D9700001C343B /* ViewController.m */,
				915CBD061C8D9700001C343B /* Main.storyboard */,
				915CBD091C8D9700001C343B /* Assets.xcassets */,
				915CBD0B1C8D9700001C343B /* LaunchScreen.storyboard */,
				915CBD0E1C8D9700001C343B /* Info.plist */,
				915CBCFD1C8D9700001C343B /* Supporting Files */,
			);
			path = "Objective-C中的各种迭代（遍历）";
			sourceTree = "<group>";
		};
		915CBCFD1C8D9700001C343B /* Supporting Files */ = {
			isa = PBXGroup;
			children = (
				915CBCFE1C8D9700001C343B /* main.m */,
			);
			name = "Supporting Files";
			sourceTree = "<group>";
		};
		915CBD161C8D9700001C343B /* Objective-C中的各种迭代（遍历）Tests */ = {
			isa = PBXGroup;
			children = (
				915CBD171C8D9700001C343B /* Objective_C__________Tests.m */,
				915CBD191C8D9700001C343B /* Info.plist */,
			);
			path = "Objective-C中的各种迭代（遍历）Tests";
			sourceTree = "<group>";
		};
		915CBD211C8D9700001C343B /* Objective-C中的各种迭代（遍历）UITests */ = {
			isa = PBXGroup;
			children = (
				915CBD221C8D9700001C343B /* Objective_C__________UITests.m */,
				915CBD241C8D9700001C343B /* Info.plist */,
			);
			path = "Objective-C中的各种迭代（遍历）UITests";
			sourceTree = "<group>";
		};
/* End PBXGroup section */

/* Begin PBXNativeTarget section */
		915CBCF91C8D9700001C343B /* Objective-C中的各种迭代（遍历） */ = {
			isa = PBXNativeTarget;
			buildConfigurationList = 915CBD271C8D9700001C343B /* Build configuration list for PBXNativeTarget "Objective-C中的各种迭代（遍历）" */;
			buildPhases = (
				915CBCF61C8D9700001C343B /* Sources */,
				915CBCF71C8D9700001C343B /* Frameworks */,
				915CBCF81C8D9700001C343B /* Resources */,
			);
			buildRules = (
			);
			dependencies = (
			);
			name = "Objective-C中的各种迭代（遍历）";
			productName = "Objective-C中的各种迭代（遍历）";
			productReference = 915CBCFA1C8D9700001C343B /* Objective-C中的各种迭代（遍历）.app */;
			productType = "com.apple.product-type.application";
		};
		915CBD121C8D9700001C343B /* Objective-C中的各种迭代（遍历）Tests */ = {
			isa = PBXNativeTarget;
			buildConfigurationList = 915CBD2A1C8D9700001C343B /* Build configuration list for PBXNativeTarget "Objective-C中的各种迭代（遍历）Tests" */;
			buildPhases = (
				915CBD0F1C8D9700001C343B /* Sources */,
				915CBD101C8D9700001C343B /* Frameworks */,
				915CBD111C8D9700001C343B /* Resources */,
			);
			buildRules = (
			);
			dependencies = (
				915CBD151C8D9700001C343B /* PBXTargetDependency */,
			);
			name = "Objective-C中的各种迭代（遍历）Tests";
			productName = "Objective-C中的各种迭代（遍历）Tests";
			productReference = 915CBD131C8D9700001C343B /* Objective-C中的各种迭代（遍历）Tests.xctest */;
			productType = "com.apple.product-type.bundle.unit-test";
		};
		915CBD1D1C8D9700001C343B /* Objective-C中的各种迭代（遍历）UITests */ = {
			isa = PBXNativeTarget;
			buildConfigurationList = 915CBD2D1C8D9700001C343B /* Build configuration list for PBXNativeTarget "Objective-C中的各种迭代（遍历）UITests" */;
			buildPhases = (
				915CBD1A1C8D9700001C343B /* Sources */,
				915CBD1B1C8D9700001C343B /* Frameworks */,
				915CBD1C1C8D9700001C343B /* Resources */,
			);
			buildRules = (
			);
			dependencies = (
				915CBD201C8D9700001C343B /* PBXTargetDependency */,
			);
			name = "Objective-C中的各种迭代（遍历）UITests";
			productName = "Objective-C中的各种迭代（遍历）UITests";
			productReference = 915CBD1E1C8D9700001C343B /* Objective-C中的各种迭代（遍历）UITests.xctest */;
			productType = "com.apple.product-type.bundle.ui-testing";
		};
/* End PBXNativeTarget section */

/* Begin PBXProject section */
		915CBCF21C8D9700001C343B /* Project object */ = {
			isa = PBXProject;
			attributes = {
				LastUpgradeCheck = 0710;
				ORGANIZATIONNAME = "文顶顶";
				TargetAttributes = {
					915CBCF91C8D9700001C343B = {
						CreatedOnToolsVersion = 7.1.1;
						DevelopmentTeam = GQ2CH5MRX4;
					};
					915CBD121C8D9700001C343B = {
						CreatedOnToolsVersion = 7.1.1;
						DevelopmentTeam = GQ2CH5MRX4;
						TestTargetID = 915CBCF91C8D9700001C343B;
					};
					915CBD1D1C8D9700001C343B = {
						CreatedOnToolsVersion = 7.1.1;
						DevelopmentTeam = GQ2CH5MRX4;
						TestTargetID = 915CBCF91C8D9700001C343B;
					};
				};
			};
			buildConfigurationList = 915CBCF51C8D9700001C343B /* Build configuration list for PBXProject "Objective-C中的各种迭代（遍历）" */;
			compatibilityVersion = "Xcode 3.2";
			developmentRegion = English;
			hasScannedForEncodings = 0;
			knownRegions = (
				en,
				Base,
			);
			mainGroup = 915CBCF11C8D9700001C343B;
			productRefGroup = 915CBCFB1C8D9700001C343B /* Products */;
			projectDirPath = "";
			projectRoot = "";
			targets = (
				915CBCF91C8D9700001C343B /* Objective-C中的各种迭代（遍历） */,
				915CBD121C8D9700001C343B /* Objective-C中的各种迭代（遍历）Tests */,
				915CBD1D1C8D9700001C343B /* Objective-C中的各种迭代（遍历）UITests */,
			);
		};
/* End PBXProject section */

/* Begin PBXResourcesBuildPhase section */
		915CBCF81C8D9700001C343B /* Resources */ = {
			isa = PBXResourcesBuildPhase;
			buildActionMask = 2147483647;
			files = (
				915CBD0D1C8D9700001C343B /* LaunchScreen.storyboard in Resources */,
				915CBD0A1C8D9700001C343B /* Assets.xcassets in Resources */,
				915CBD081C8D9700001C343B /* Main.storyboard in Resources */,
			);
			runOnlyForDeploymentPostprocessing = 0;
		};
		915CBD111C8D9700001C343B /* Resources */ = {
			isa = PBXResourcesBuildPhase;
			buildActionMask = 2147483647;
			files = (
			);
			runOnlyForDeploymentPostprocessing = 0;
		};
		915CBD1C1C8D9700001C343B /* Resources */ = {
			isa = PBXResourcesBuildPhase;
			buildActionMask = 2147483647;
			files = (
			);
			runOnlyForDeploymentPostprocessing = 0;
		};
/* End PBXResourcesBuildPhase section */

/* Begin PBXSourcesBuildPhase section */
		915CBCF61C8D9700001C343B /* Sources */ = {
			isa = PBXSourcesBuildPhase;
			buildActionMask = 2147483647;
			files = (
				915CBD051C8D9700001C343B /* ViewController.m in Sources */,
				915CBD021C8D9700001C343B /* AppDelegate.m in Sources */,
				915CBCFF1C8D9700001C343B /* main.m in Sources */,
			);
			runOnlyForDeploymentPostprocessing = 0;
		};
		915CBD0F1C8D9700001C343B /* Sources */ = {
			isa = PBXSourcesBuildPhase;
			buildActionMask = 2147483647;
			files = (
				915CBD181C8D9700001C343B /* Objective_C__________Tests.m in Sources */,
			);
			runOnlyForDeploymentPostprocessing = 0;
		};
		915CBD1A1C8D9700001C343B /* Sources */ = {
			isa = PBXSourcesBuildPhase;
			buildActionMask = 2147483647;
			files = (
				915CBD231C8D9700001C343B /* Objective_C__________UITests.m in Sources */,
			);
			runOnlyForDeploymentPostprocessing = 0;
		};
/* End PBXSourcesBuildPhase section */

/* Begin PBXTargetDependency section */
		915CBD151C8D9700001C343B /* PBXTargetDependency */ = {
			isa = PBXTargetDependency;
			target = 915CBCF91C8D9700001C343B /* Objective-C中的各种迭代（遍历） */;
			targetProxy = 915CBD141C8D9700001C343B /* PBXContainerItemProxy */;
		};
		915CBD201C8D9700001C343B /* PBXTargetDependency */ = {
			isa = PBXTargetDependency;
			target = 915CBCF91C8D9700001C343B /* Objective-C中的各种迭代（遍历） */;
			targetProxy = 915CBD1F1C8D9700001C343B /* PBXContainerItemProxy */;
		};
/* End PBXTargetDependency section */

/* Begin PBXVariantGroup section */
		915CBD061C8D9700001C343B /* Main.storyboard */ = {
			isa = PBXVariantGroup;
			children = (
				915CBD071C8D9700001C343B /* Base */,
			);
			name = Main.storyboard;
			sourceTree = "<group>";
		};
		915CBD0B1C8D9700001C343B /* LaunchScreen.storyboard */ = {
			isa = PBXVariantGroup;
			children = (
				915CBD0C1C8D9700001C343B /* Base */,
			);
			name = LaunchScreen.storyboard;
			sourceTree = "<group>";
		};
/* End PBXVariantGroup section */

/* Begin XCBuildConfiguration section */
		915CBD251C8D9700001C343B /* Debug */ = {
			isa = XCBuildConfiguration;
			buildSettings = {
				ALWAYS_SEARCH_USER_PATHS = NO;
				CLANG_CXX_LANGUAGE_STANDARD = "gnu++0x";
				CLANG_CXX_LIBRARY = "libc++";
				CLANG_ENABLE_MODULES = YES;
				CLANG_ENABLE_OBJC_ARC = YES;
				CLANG_WARN_BOOL_CONVERSION = YES;
				CLANG_WARN_CONSTANT_CONVERSION = YES;
				CLANG_WARN_DIRECT_OBJC_ISA_USAGE = YES_ERROR;
				CLANG_WARN_EMPTY_BODY = YES;
				CLANG_WARN_ENUM_CONVERSION = YES;
				CLANG_WARN_INT_CONVERSION = YES;
				CLANG_WARN_OBJC_ROOT_CLASS = YES_ERROR;
				CLANG_WARN_UNREACHABLE_CODE = YES;
				CLANG_WARN__DUPLICATE_METHOD_MATCH = YES;
				"CODE_SIGN_IDENTITY[sdk=iphoneos*]" = "iPhone Developer";
				COPY_PHASE_STRIP = NO;
				DEBUG_INFORMATION_FORMAT = dwarf;
				ENABLE_STRICT_OBJC_MSGSEND = YES;
				ENABLE_TESTABILITY = YES;
				GCC_C_LANGUAGE_STANDARD = gnu99;
				GCC_DYNAMIC_NO_PIC = NO;
				GCC_NO_COMMON_BLOCKS = YES;
				GCC_OPTIMIZATION_LEVEL = 0;
				GCC_PREPROCESSOR_DEFINITIONS = (
					"DEBUG=1",
					"$(inherited)",
				);
				GCC_WARN_64_TO_32_BIT_CONVERSION = YES;
				GCC_WARN_ABOUT_RETURN_TYPE = YES_ERROR;
				GCC_WARN_UNDECLARED_SELECTOR = YES;
				GCC_WARN_UNINITIALIZED_AUTOS = YES_AGGRESSIVE;
				GCC_WARN_UNUSED_FUNCTION = YES;
				GCC_WARN_UNUSED_VARIABLE = YES;
				IPHONEOS_DEPLOYMENT_TARGET = 9.1;
				MTL_ENABLE_DEBUG_INFO = YES;
				ONLY_ACTIVE_ARCH = YES;
				SDKROOT = iphoneos;
			};
			name = Debug;
		};
		915CBD261C8D9700001C343B /* Release */ = {
			isa = XCBuildConfiguration;
			buildSettings = {
				ALWAYS_SEARCH_USER_PATHS = NO;
				CLANG_CXX_LANGUAGE_STANDARD = "gnu++0x";
				CLANG_CXX_LIBRARY = "libc++";
				CLANG_ENABLE_MODULES = YES;
				CLANG_ENABLE_OBJC_ARC = YES;
				CLANG_WARN_BOOL_CONVERSION = YES;
				CLANG_WARN_CONSTANT_CONVERSION = YES;
				CLANG_WARN_DIRECT_OBJC_ISA_USAGE = YES_ERROR;
				CLANG_WARN_EMPTY_BODY = YES;
				CLANG_WARN_ENUM_CONVERSION = YES;
				CLANG_WARN_INT_CONVERSION = YES;
				CLANG_WARN_OBJC_ROOT_CLASS = YES_ERROR;
				CLANG_WARN_UNREACHABLE_CODE = YES;
				CLANG_WARN__DUPLICATE_METHOD_MATCH = YES;
				"CODE_SIGN_IDENTITY[sdk=iphoneos*]" = "iPhone Developer";
				COPY_PHASE_STRIP = NO;
				DEBUG_INFORMATION_FORMAT = "dwarf-with-dsym";
				ENABLE_NS_ASSERTIONS = NO;
				ENABLE_STRICT_OBJC_MSGSEND = YES;
				GCC_C_LANGUAGE_STANDARD = gnu99;
				GCC_NO_COMMON_BLOCKS = YES;
				GCC_WARN_64_TO_32_BIT_CONVERSION = YES;
				GCC_WARN_ABOUT_RETURN_TYPE = YES_ERROR;
				GCC_WARN_UNDECLARED_SELECTOR = YES;
				GCC_WARN_UNINITIALIZED_AUTOS = YES_AGGRESSIVE;
				GCC_WARN_UNUSED_FUNCTION = YES;
				GCC_WARN_UNUSED_VARIABLE = YES;
				IPHONEOS_DEPLOYMENT_TARGET = 9.1;
				MTL_ENABLE_DEBUG_INFO = NO;
				SDKROOT = iphoneos;
				VALIDATE_PRODUCT = YES;
			};
			name = Release;
		};
		915CBD281C8D9700001C343B /* Debug */ = {
			isa = XCBuildConfiguration;
			buildSettings = {
				ASSETCATALOG_COMPILER_APPICON_NAME = AppIcon;
				INFOPLIST_FILE = "Objective-C中的各种迭代（遍历）/Info.plist";
				LD_RUNPATH_SEARCH_PATHS = "$(inherited) @executable_path/Frameworks";
				PRODUCT_BUNDLE_IDENTIFIER = "wendingding.Objective-C----------";
				PRODUCT_NAME = "$(TARGET_NAME)";
			};
			name = Debug;
		};
		915CBD291C8D9700001C343B /* Release */ = {
			isa = XCBuildConfiguration;
			buildSettings = {
				ASSETCATALOG_COMPILER_APPICON_NAME = AppIcon;
				INFOPLIST_FILE = "Objective-C中的各种迭代（遍历）/Info.plist";
				LD_RUNPATH_SEARCH_PATHS = "$(inherited) @executable_path/Frameworks";
				PRODUCT_BUNDLE_IDENTIFIER = "wendingding.Objective-C----------";
				PRODUCT_NAME = "$(TARGET_NAME)";
			};
			name = Release;
		};
		915CBD2B1C8D9700001C343B /* Debug */ = {
			isa = XCBuildConfiguration;
			buildSettings = {
				BUNDLE_LOADER = "$(TEST_HOST)";
				INFOPLIST_FILE = "Objective-C中的各种迭代（遍历）Tests/Info.plist";
				LD_RUNPATH_SEARCH_PATHS = "$(inherited) @executable_path/Frameworks @loader_path/Frameworks";
				PRODUCT_BUNDLE_IDENTIFIER = "wendingding.Objective-C----------Tests";
				PRODUCT_NAME = "$(TARGET_NAME)";
				TEST_HOST = "$(BUILT_PRODUCTS_DIR)/Objective-C中的各种迭代（遍历）.app/Objective-C中的各种迭代（遍历）";
			};
			name = Debug;
		};
		915CBD2C1C8D9700001C343B /* Release */ = {
			isa = XCBuildConfiguration;
			buildSettings = {
				BUNDLE_LOADER = "$(TEST_HOST)";
				INFOPLIST_FILE = "Objective-C中的各种迭代（遍历）Tests/Info.plist";
				LD_RUNPATH_SEARCH_PATHS = "$(inherited) @executable_path/Frameworks @loader_path/Frameworks";
				PRODUCT_BUNDLE_IDENTIFIER = "wendingding.Objective-C----------Tests";
				PRODUCT_NAME = "$(TARGET_NAME)";
				TEST_HOST = "$(BUILT_PRODUCTS_DIR)/Objective-C中的各种迭代（遍历）.app/Objective-C中的各种迭代（遍历）";
			};
			name = Release;
		};
		915CBD2E1C8D9700001C343B /* Debug */ = {
			isa = XCBuildConfiguration;
			buildSettings = {
				INFOPLIST_FILE = "Objective-C中的各种迭代（遍历）UITests/Info.plist";
				LD_RUNPATH_SEARCH_PATHS = "$(inherited) @executable_path/Frameworks @loader_path/Frameworks";
				PRODUCT_BUNDLE_IDENTIFIER = "wendingding.Objective-C----------UITests";
				PRODUCT_NAME = "$(TARGET_NAME)";
				TEST_TARGET_NAME = "Objective-C中的各种迭代（遍历）";
				USES_XCTRUNNER = YES;
			};
			name = Debug;
		};
		915CBD2F1C8D9700001C343B /* Release */ = {
			isa = XCBuildConfiguration;
			buildSettings = {
				INFOPLIST_FILE = "Objective-C中的各种迭代（遍历）UITests/Info.plist";
				LD_RUNPATH_SEARCH_PATHS = "$(inherited) @executable_path/Frameworks @loader_path/Frameworks";
				PRODUCT_BUNDLE_IDENTIFIER = "wendingding.Objective-C----------UITests";
				PRODUCT_NAME = "$(TARGET_NAME)";
				TEST_TARGET_NAME = "Objective-C中的各种迭代（遍历）";
				USES_XCTRUNNER = YES;
			};
			name = Release;
		};
/* End XCBuildConfiguration section */

/* Begin XCConfigurationList section */
		915CBCF51C8D9700001C343B /* Build configuration list for PBXProject "Objective-C中的各种迭代（遍历）" */ = {
			isa = XCConfigurationList;
			buildConfigurations = (
				915CBD251C8D9700001C343B /* Debug */,
				915CBD261C8D9700001C343B /* Release */,
			);
			defaultConfigurationIsVisible = 0;
			defaultConfigurationName = Release;
		};
		915CBD271C8D9700001C343B /* Build configuration list for PBXNativeTarget "Objective-C中的各种迭代（遍历）" */ = {
			isa = XCConfigurationList;
			buildConfigurations = (
				915CBD281C8D9700001C343B /* Debug */,
				915CBD291C8D9700001C343B /* Release */,
			);
			defaultConfigurationIsVisible = 0;
		};
		915CBD2A1C8D9700001C343B /* Build configuration list for PBXNativeTarget "Objective-C中的各种迭代（遍历）Tests" */ = {
			isa = XCConfigurationList;
			buildConfigurations = (
				915CBD2B1C8D9700001C343B /* Debug */,
				915CBD2C1C8D9700001C343B /* Release */,
			);
			defaultConfigurationIsVisible = 0;
		};
		915CBD2D1C8D9700001C343B /* Build configuration list for PBXNativeTarget "Objective-C中的各种迭代（遍历）UITests" */ = {
			isa = XCConfigurationList;
			buildConfigurations = (
				915CBD2E1C8D9700001C343B /* Debug */,
				915CBD2F1C8D9700001C343B /* Release */,
			);
			defaultConfigurationIsVisible = 0;
		};
/* End XCConfigurationList section */
	};
	rootObject = 915CBCF21C8D9700001C343B /* Project object */;
}
