// !$*UTF8*$!
{
	archiveVersion = 1;
	classes = {
	};
	objectVersion = 46;
	objects = {

/* Begin PBXBuildFile section */
		91718B411CC62CD200F770F3 /* AppDelegate.swift in Sources */ = {isa = PBXBuildFile; fileRef = 91718B401CC62CD200F770F3 /* AppDelegate.swift */; };
		91718B431CC62CD200F770F3 /* ViewController.swift in Sources */ = {isa = PBXBuildFile; fileRef = 91718B421CC62CD200F770F3 /* ViewController.swift */; };
		91718B461CC62CD200F770F3 /* Main.storyboard in Resources */ = {isa = PBXBuildFile; fileRef = 91718B441CC62CD200F770F3 /* Main.storyboard */; };
		91718B481CC62CD200F770F3 /* Assets.xcassets in Resources */ = {isa = PBXBuildFile; fileRef = 91718B471CC62CD200F770F3 /* Assets.xcassets */; };
		91718B4B1CC62CD200F770F3 /* LaunchScreen.storyboard in Resources */ = {isa = PBXBuildFile; fileRef = 91718B491CC62CD200F770F3 /* LaunchScreen.storyboard */; };
		91718B561CC62CD200F770F3 /* NSThread______swift_Tests.swift in Sources */ = {isa = PBXBuildFile; fileRef = 91718B551CC62CD200F770F3 /* NSThread______swift_Tests.swift */; };
		91718B611CC62CD200F770F3 /* NSThread______swift_UITests.swift in Sources */ = {isa = PBXBuildFile; fileRef = 91718B601CC62CD200F770F3 /* NSThread______swift_UITests.swift */; };
		91718B6F1CC62CF700F770F3 /* CustomThread.swift in Sources */ = {isa = PBXBuildFile; fileRef = 91718B6E1CC62CF700F770F3 /* CustomThread.swift */; };
/* End PBXBuildFile section */

/* Begin PBXContainerItemProxy section */
		91718B521CC62CD200F770F3 /* PBXContainerItemProxy */ = {
			isa = PBXContainerItemProxy;
			containerPortal = 91718B351CC62CD200F770F3 /* Project object */;
			proxyType = 1;
			remoteGlobalIDString = 91718B3C1CC62CD200F770F3;
			remoteInfo = "NSThread-线程创建(swift)";
		};
		91718B5D1CC62CD200F770F3 /* PBXContainerItemProxy */ = {
			isa = PBXContainerItemProxy;
			containerPortal = 91718B351CC62CD200F770F3 /* Project object */;
			proxyType = 1;
			remoteGlobalIDString = 91718B3C1CC62CD200F770F3;
			remoteInfo = "NSThread-线程创建(swift)";
		};
/* End PBXContainerItemProxy section */

/* Begin PBXFileReference section */
		91718B3D1CC62CD200F770F3 /* NSThread-线程创建(swift).app */ = {isa = PBXFileReference; explicitFileType = wrapper.application; includeInIndex = 0; path = "NSThread-线程创建(swift).app"; sourceTree = BUILT_PRODUCTS_DIR; };
		91718B401CC62CD200F770F3 /* AppDelegate.swift */ = {isa = PBXFileReference; lastKnownFileType = sourcecode.swift; path = AppDelegate.swift; sourceTree = "<group>"; };
		91718B421CC62CD200F770F3 /* ViewController.swift */ = {isa = PBXFileReference; lastKnownFileType = sourcecode.swift; path = ViewController.swift; sourceTree = "<group>"; };
		91718B451CC62CD200F770F3 /* Base */ = {isa = PBXFileReference; lastKnownFileType = file.storyboard; name = Base; path = Base.lproj/Main.storyboard; sourceTree = "<group>"; };
		91718B471CC62CD200F770F3 /* Assets.xcassets */ = {isa = PBXFileReference; lastKnownFileType = folder.assetcatalog; path = Assets.xcassets; sourceTree = "<group>"; };
		91718B4A1CC62CD200F770F3 /* Base */ = {isa = PBXFileReference; lastKnownFileType = file.storyboard; name = Base; path = Base.lproj/LaunchScreen.storyboard; sourceTree = "<group>"; };
		91718B4C1CC62CD200F770F3 /* Info.plist */ = {isa = PBXFileReference; lastKnownFileType = text.plist.xml; path = Info.plist; sourceTree = "<group>"; };
		91718B511CC62CD200F770F3 /* NSThread-线程创建(swift)Tests.xctest */ = {isa = PBXFileReference; explicitFileType = wrapper.cfbundle; includeInIndex = 0; path = "NSThread-线程创建(swift)Tests.xctest"; sourceTree = BUILT_PRODUCTS_DIR; };
		91718B551CC62CD200F770F3 /* NSThread______swift_Tests.swift */ = {isa = PBXFileReference; lastKnownFileType = sourcecode.swift; path = "NSThread______swift_Tests.swift"; sourceTree = "<group>"; };
		91718B571CC62CD200F770F3 /* Info.plist */ = {isa = PBXFileReference; lastKnownFileType = text.plist.xml; path = Info.plist; sourceTree = "<group>"; };
		91718B5C1CC62CD200F770F3 /* NSThread-线程创建(swift)UITests.xctest */ = {isa = PBXFileReference; explicitFileType = wrapper.cfbundle; includeInIndex = 0; path = "NSThread-线程创建(swift)UITests.xctest"; sourceTree = BUILT_PRODUCTS_DIR; };
		91718B601CC62CD200F770F3 /* NSThread______swift_UITests.swift */ = {isa = PBXFileReference; lastKnownFileType = sourcecode.swift; path = "NSThread______swift_UITests.swift"; sourceTree = "<group>"; };
		91718B621CC62CD200F770F3 /* Info.plist */ = {isa = PBXFileReference; lastKnownFileType = text.plist.xml; path = Info.plist; sourceTree = "<group>"; };
		91718B6E1CC62CF700F770F3 /* CustomThread.swift */ = {isa = PBXFileReference; fileEncoding = 4; lastKnownFileType = sourcecode.swift; path = CustomThread.swift; sourceTree = "<group>"; };
/* End PBXFileReference section */

/* Begin PBXFrameworksBuildPhase section */
		91718B3A1CC62CD200F770F3 /* Frameworks */ = {
			isa = PBXFrameworksBuildPhase;
			buildActionMask = 2147483647;
			files = (
			);
			runOnlyForDeploymentPostprocessing = 0;
		};
		91718B4E1CC62CD200F770F3 /* Frameworks */ = {
			isa = PBXFrameworksBuildPhase;
			buildActionMask = 2147483647;
			files = (
			);
			runOnlyForDeploymentPostprocessing = 0;
		};
		91718B591CC62CD200F770F3 /* Frameworks */ = {
			isa = PBXFrameworksBuildPhase;
			buildActionMask = 2147483647;
			files = (
			);
			runOnlyForDeploymentPostprocessing = 0;
		};
/* End PBXFrameworksBuildPhase section */

/* Begin PBXGroup section */
		91718B341CC62CD200F770F3 = {
			isa = PBXGroup;
			children = (
				91718B3F1CC62CD200F770F3 /* NSThread-线程创建(swift) */,
				91718B541CC62CD200F770F3 /* NSThread-线程创建(swift)Tests */,
				91718B5F1CC62CD200F770F3 /* NSThread-线程创建(swift)UITests */,
				91718B3E1CC62CD200F770F3 /* Products */,
			);
			sourceTree = "<group>";
		};
		91718B3E1CC62CD200F770F3 /* Products */ = {
			isa = PBXGroup;
			children = (
				91718B3D1CC62CD200F770F3 /* NSThread-线程创建(swift).app */,
				91718B511CC62CD200F770F3 /* NSThread-线程创建(swift)Tests.xctest */,
				91718B5C1CC62CD200F770F3 /* NSThread-线程创建(swift)UITests.xctest */,
			);
			name = Products;
			sourceTree = "<group>";
		};
		91718B3F1CC62CD200F770F3 /* NSThread-线程创建(swift) */ = {
			isa = PBXGroup;
			children = (
				91718B6E1CC62CF700F770F3 /* CustomThread.swift */,
				91718B401CC62CD200F770F3 /* AppDelegate.swift */,
				91718B421CC62CD200F770F3 /* ViewController.swift */,
				91718B441CC62CD200F770F3 /* Main.storyboard */,
				91718B471CC62CD200F770F3 /* Assets.xcassets */,
				91718B491CC62CD200F770F3 /* LaunchScreen.storyboard */,
				91718B4C1CC62CD200F770F3 /* Info.plist */,
			);
			path = "NSThread-线程创建(swift)";
			sourceTree = "<group>";
		};
		91718B541CC62CD200F770F3 /* NSThread-线程创建(swift)Tests */ = {
			isa = PBXGroup;
			children = (
				91718B551CC62CD200F770F3 /* NSThread______swift_Tests.swift */,
				91718B571CC62CD200F770F3 /* Info.plist */,
			);
			path = "NSThread-线程创建(swift)Tests";
			sourceTree = "<group>";
		};
		91718B5F1CC62CD200F770F3 /* NSThread-线程创建(swift)UITests */ = {
			isa = PBXGroup;
			children = (
				91718B601CC62CD200F770F3 /* NSThread______swift_UITests.swift */,
				91718B621CC62CD200F770F3 /* Info.plist */,
			);
			path = "NSThread-线程创建(swift)UITests";
			sourceTree = "<group>";
		};
/* End PBXGroup section */

/* Begin PBXNativeTarget section */
		91718B3C1CC62CD200F770F3 /* NSThread-线程创建(swift) */ = {
			isa = PBXNativeTarget;
			buildConfigurationList = 91718B651CC62CD200F770F3 /* Build configuration list for PBXNativeTarget "NSThread-线程创建(swift)" */;
			buildPhases = (
				91718B391CC62CD200F770F3 /* Sources */,
				91718B3A1CC62CD200F770F3 /* Frameworks */,
				91718B3B1CC62CD200F770F3 /* Resources */,
			);
			buildRules = (
			);
			dependencies = (
			);
			name = "NSThread-线程创建(swift)";
			productName = "NSThread-线程创建(swift)";
			productReference = 91718B3D1CC62CD200F770F3 /* NSThread-线程创建(swift).app */;
			productType = "com.apple.product-type.application";
		};
		91718B501CC62CD200F770F3 /* NSThread-线程创建(swift)Tests */ = {
			isa = PBXNativeTarget;
			buildConfigurationList = 91718B681CC62CD200F770F3 /* Build configuration list for PBXNativeTarget "NSThread-线程创建(swift)Tests" */;
			buildPhases = (
				91718B4D1CC62CD200F770F3 /* Sources */,
				91718B4E1CC62CD200F770F3 /* Frameworks */,
				91718B4F1CC62CD200F770F3 /* Resources */,
			);
			buildRules = (
			);
			dependencies = (
				91718B531CC62CD200F770F3 /* PBXTargetDependency */,
			);
			name = "NSThread-线程创建(swift)Tests";
			productName = "NSThread-线程创建(swift)Tests";
			productReference = 91718B511CC62CD200F770F3 /* NSThread-线程创建(swift)Tests.xctest */;
			productType = "com.apple.product-type.bundle.unit-test";
		};
		91718B5B1CC62CD200F770F3 /* NSThread-线程创建(swift)UITests */ = {
			isa = PBXNativeTarget;
			buildConfigurationList = 91718B6B1CC62CD200F770F3 /* Build configuration list for PBXNativeTarget "NSThread-线程创建(swift)UITests" */;
			buildPhases = (
				91718B581CC62CD200F770F3 /* Sources */,
				91718B591CC62CD200F770F3 /* Frameworks */,
				91718B5A1CC62CD200F770F3 /* Resources */,
			);
			buildRules = (
			);
			dependencies = (
				91718B5E1CC62CD200F770F3 /* PBXTargetDependency */,
			);
			name = "NSThread-线程创建(swift)UITests";
			productName = "NSThread-线程创建(swift)UITests";
			productReference = 91718B5C1CC62CD200F770F3 /* NSThread-线程创建(swift)UITests.xctest */;
			productType = "com.apple.product-type.bundle.ui-testing";
		};
/* End PBXNativeTarget section */

/* Begin PBXProject section */
		91718B351CC62CD200F770F3 /* Project object */ = {
			isa = PBXProject;
			attributes = {
				LastSwiftUpdateCheck = 0710;
				LastUpgradeCheck = 0710;
				ORGANIZATIONNAME = "文顶顶";
				TargetAttributes = {
					91718B3C1CC62CD200F770F3 = {
						CreatedOnToolsVersion = 7.1.1;
						DevelopmentTeam = GQ2CH5MRX4;
					};
					91718B501CC62CD200F770F3 = {
						CreatedOnToolsVersion = 7.1.1;
						DevelopmentTeam = GQ2CH5MRX4;
						TestTargetID = 91718B3C1CC62CD200F770F3;
					};
					91718B5B1CC62CD200F770F3 = {
						CreatedOnToolsVersion = 7.1.1;
						DevelopmentTeam = GQ2CH5MRX4;
						TestTargetID = 91718B3C1CC62CD200F770F3;
					};
				};
			};
			buildConfigurationList = 91718B381CC62CD200F770F3 /* Build configuration list for PBXProject "NSThread-线程创建(swift)" */;
			compatibilityVersion = "Xcode 3.2";
			developmentRegion = English;
			hasScannedForEncodings = 0;
			knownRegions = (
				en,
				Base,
			);
			mainGroup = 91718B341CC62CD200F770F3;
			productRefGroup = 91718B3E1CC62CD200F770F3 /* Products */;
			projectDirPath = "";
			projectRoot = "";
			targets = (
				91718B3C1CC62CD200F770F3 /* NSThread-线程创建(swift) */,
				91718B501CC62CD200F770F3 /* NSThread-线程创建(swift)Tests */,
				91718B5B1CC62CD200F770F3 /* NSThread-线程创建(swift)UITests */,
			);
		};
/* End PBXProject section */

/* Begin PBXResourcesBuildPhase section */
		91718B3B1CC62CD200F770F3 /* Resources */ = {
			isa = PBXResourcesBuildPhase;
			buildActionMask = 2147483647;
			files = (
				91718B4B1CC62CD200F770F3 /* LaunchScreen.storyboard in Resources */,
				91718B481CC62CD200F770F3 /* Assets.xcassets in Resources */,
				91718B461CC62CD200F770F3 /* Main.storyboard in Resources */,
			);
			runOnlyForDeploymentPostprocessing = 0;
		};
		91718B4F1CC62CD200F770F3 /* Resources */ = {
			isa = PBXResourcesBuildPhase;
			buildActionMask = 2147483647;
			files = (
			);
			runOnlyForDeploymentPostprocessing = 0;
		};
		91718B5A1CC62CD200F770F3 /* Resources */ = {
			isa = PBXResourcesBuildPhase;
			buildActionMask = 2147483647;
			files = (
			);
			runOnlyForDeploymentPostprocessing = 0;
		};
/* End PBXResourcesBuildPhase section */

/* Begin PBXSourcesBuildPhase section */
		91718B391CC62CD200F770F3 /* Sources */ = {
			isa = PBXSourcesBuildPhase;
			buildActionMask = 2147483647;
			files = (
				91718B6F1CC62CF700F770F3 /* CustomThread.swift in Sources */,
				91718B431CC62CD200F770F3 /* ViewController.swift in Sources */,
				91718B411CC62CD200F770F3 /* AppDelegate.swift in Sources */,
			);
			runOnlyForDeploymentPostprocessing = 0;
		};
		91718B4D1CC62CD200F770F3 /* Sources */ = {
			isa = PBXSourcesBuildPhase;
			buildActionMask = 2147483647;
			files = (
				91718B561CC62CD200F770F3 /* NSThread______swift_Tests.swift in Sources */,
			);
			runOnlyForDeploymentPostprocessing = 0;
		};
		91718B581CC62CD200F770F3 /* Sources */ = {
			isa = PBXSourcesBuildPhase;
			buildActionMask = 2147483647;
			files = (
				91718B611CC62CD200F770F3 /* NSThread______swift_UITests.swift in Sources */,
			);
			runOnlyForDeploymentPostprocessing = 0;
		};
/* End PBXSourcesBuildPhase section */

/* Begin PBXTargetDependency section */
		91718B531CC62CD200F770F3 /* PBXTargetDependency */ = {
			isa = PBXTargetDependency;
			target = 91718B3C1CC62CD200F770F3 /* NSThread-线程创建(swift) */;
			targetProxy = 91718B521CC62CD200F770F3 /* PBXContainerItemProxy */;
		};
		91718B5E1CC62CD200F770F3 /* PBXTargetDependency */ = {
			isa = PBXTargetDependency;
			target = 91718B3C1CC62CD200F770F3 /* NSThread-线程创建(swift) */;
			targetProxy = 91718B5D1CC62CD200F770F3 /* PBXContainerItemProxy */;
		};
/* End PBXTargetDependency section */

/* Begin PBXVariantGroup section */
		91718B441CC62CD200F770F3 /* Main.storyboard */ = {
			isa = PBXVariantGroup;
			children = (
				91718B451CC62CD200F770F3 /* Base */,
			);
			name = Main.storyboard;
			sourceTree = "<group>";
		};
		91718B491CC62CD200F770F3 /* LaunchScreen.storyboard */ = {
			isa = PBXVariantGroup;
			children = (
				91718B4A1CC62CD200F770F3 /* Base */,
			);
			name = LaunchScreen.storyboard;
			sourceTree = "<group>";
		};
/* End PBXVariantGroup section */

/* Begin XCBuildConfiguration section */
		91718B631CC62CD200F770F3 /* Debug */ = {
			isa = XCBuildConfiguration;
			buildSettings = {
				ALWAYS_SEARCH_USER_PATHS = NO;
				CLANG_CXX_LANGUAGE_STANDARD = "gnu++0x";
				CLANG_CXX_LIBRARY = "libc++";
				CLANG_ENABLE_MODULES = YES;
				CLANG_ENABLE_OBJC_ARC = YES;
				CLANG_WARN_BOOL_CONVERSION = YES;
				CLANG_WARN_CONSTANT_CONVERSION = YES;
				CLANG_WARN_DIRECT_OBJC_ISA_USAGE = YES_ERROR;
				CLANG_WARN_EMPTY_BODY = YES;
				CLANG_WARN_ENUM_CONVERSION = YES;
				CLANG_WARN_INT_CONVERSION = YES;
				CLANG_WARN_OBJC_ROOT_CLASS = YES_ERROR;
				CLANG_WARN_UNREACHABLE_CODE = YES;
				CLANG_WARN__DUPLICATE_METHOD_MATCH = YES;
				"CODE_SIGN_IDENTITY[sdk=iphoneos*]" = "iPhone Developer";
				COPY_PHASE_STRIP = NO;
				DEBUG_INFORMATION_FORMAT = dwarf;
				ENABLE_STRICT_OBJC_MSGSEND = YES;
				ENABLE_TESTABILITY = YES;
				GCC_C_LANGUAGE_STANDARD = gnu99;
				GCC_DYNAMIC_NO_PIC = NO;
				GCC_NO_COMMON_BLOCKS = YES;
				GCC_OPTIMIZATION_LEVEL = 0;
				GCC_PREPROCESSOR_DEFINITIONS = (
					"DEBUG=1",
					"$(inherited)",
				);
				GCC_WARN_64_TO_32_BIT_CONVERSION = YES;
				GCC_WARN_ABOUT_RETURN_TYPE = YES_ERROR;
				GCC_WARN_UNDECLARED_SELECTOR = YES;
				GCC_WARN_UNINITIALIZED_AUTOS = YES_AGGRESSIVE;
				GCC_WARN_UNUSED_FUNCTION = YES;
				GCC_WARN_UNUSED_VARIABLE = YES;
				IPHONEOS_DEPLOYMENT_TARGET = 9.1;
				MTL_ENABLE_DEBUG_INFO = YES;
				ONLY_ACTIVE_ARCH = YES;
				SDKROOT = iphoneos;
				SWIFT_OPTIMIZATION_LEVEL = "-Onone";
			};
			name = Debug;
		};
		91718B641CC62CD200F770F3 /* Release */ = {
			isa = XCBuildConfiguration;
			buildSettings = {
				ALWAYS_SEARCH_USER_PATHS = NO;
				CLANG_CXX_LANGUAGE_STANDARD = "gnu++0x";
				CLANG_CXX_LIBRARY = "libc++";
				CLANG_ENABLE_MODULES = YES;
				CLANG_ENABLE_OBJC_ARC = YES;
				CLANG_WARN_BOOL_CONVERSION = YES;
				CLANG_WARN_CONSTANT_CONVERSION = YES;
				CLANG_WARN_DIRECT_OBJC_ISA_USAGE = YES_ERROR;
				CLANG_WARN_EMPTY_BODY = YES;
				CLANG_WARN_ENUM_CONVERSION = YES;
				CLANG_WARN_INT_CONVERSION = YES;
				CLANG_WARN_OBJC_ROOT_CLASS = YES_ERROR;
				CLANG_WARN_UNREACHABLE_CODE = YES;
				CLANG_WARN__DUPLICATE_METHOD_MATCH = YES;
				"CODE_SIGN_IDENTITY[sdk=iphoneos*]" = "iPhone Developer";
				COPY_PHASE_STRIP = NO;
				DEBUG_INFORMATION_FORMAT = "dwarf-with-dsym";
				ENABLE_NS_ASSERTIONS = NO;
				ENABLE_STRICT_OBJC_MSGSEND = YES;
				GCC_C_LANGUAGE_STANDARD = gnu99;
				GCC_NO_COMMON_BLOCKS = YES;
				GCC_WARN_64_TO_32_BIT_CONVERSION = YES;
				GCC_WARN_ABOUT_RETURN_TYPE = YES_ERROR;
				GCC_WARN_UNDECLARED_SELECTOR = YES;
				GCC_WARN_UNINITIALIZED_AUTOS = YES_AGGRESSIVE;
				GCC_WARN_UNUSED_FUNCTION = YES;
				GCC_WARN_UNUSED_VARIABLE = YES;
				IPHONEOS_DEPLOYMENT_TARGET = 9.1;
				MTL_ENABLE_DEBUG_INFO = NO;
				SDKROOT = iphoneos;
				VALIDATE_PRODUCT = YES;
			};
			name = Release;
		};
		91718B661CC62CD200F770F3 /* Debug */ = {
			isa = XCBuildConfiguration;
			buildSettings = {
				ASSETCATALOG_COMPILER_APPICON_NAME = AppIcon;
				INFOPLIST_FILE = "NSThread-线程创建(swift)/Info.plist";
				LD_RUNPATH_SEARCH_PATHS = "$(inherited) @executable_path/Frameworks";
				PRODUCT_BUNDLE_IDENTIFIER = "wendingding.NSThread------swift-";
				PRODUCT_NAME = "$(TARGET_NAME)";
			};
			name = Debug;
		};
		91718B671CC62CD200F770F3 /* Release */ = {
			isa = XCBuildConfiguration;
			buildSettings = {
				ASSETCATALOG_COMPILER_APPICON_NAME = AppIcon;
				INFOPLIST_FILE = "NSThread-线程创建(swift)/Info.plist";
				LD_RUNPATH_SEARCH_PATHS = "$(inherited) @executable_path/Frameworks";
				PRODUCT_BUNDLE_IDENTIFIER = "wendingding.NSThread------swift-";
				PRODUCT_NAME = "$(TARGET_NAME)";
			};
			name = Release;
		};
		91718B691CC62CD200F770F3 /* Debug */ = {
			isa = XCBuildConfiguration;
			buildSettings = {
				BUNDLE_LOADER = "$(TEST_HOST)";
				INFOPLIST_FILE = "NSThread-线程创建(swift)Tests/Info.plist";
				LD_RUNPATH_SEARCH_PATHS = "$(inherited) @executable_path/Frameworks @loader_path/Frameworks";
				PRODUCT_BUNDLE_IDENTIFIER = "wendingding.NSThread------swift-Tests";
				PRODUCT_NAME = "$(TARGET_NAME)";
				TEST_HOST = "$(BUILT_PRODUCTS_DIR)/NSThread-线程创建(swift).app/NSThread-线程创建(swift)";
			};
			name = Debug;
		};
		91718B6A1CC62CD200F770F3 /* Release */ = {
			isa = XCBuildConfiguration;
			buildSettings = {
				BUNDLE_LOADER = "$(TEST_HOST)";
				INFOPLIST_FILE = "NSThread-线程创建(swift)Tests/Info.plist";
				LD_RUNPATH_SEARCH_PATHS = "$(inherited) @executable_path/Frameworks @loader_path/Frameworks";
				PRODUCT_BUNDLE_IDENTIFIER = "wendingding.NSThread------swift-Tests";
				PRODUCT_NAME = "$(TARGET_NAME)";
				TEST_HOST = "$(BUILT_PRODUCTS_DIR)/NSThread-线程创建(swift).app/NSThread-线程创建(swift)";
			};
			name = Release;
		};
		91718B6C1CC62CD200F770F3 /* Debug */ = {
			isa = XCBuildConfiguration;
			buildSettings = {
				INFOPLIST_FILE = "NSThread-线程创建(swift)UITests/Info.plist";
				LD_RUNPATH_SEARCH_PATHS = "$(inherited) @executable_path/Frameworks @loader_path/Frameworks";
				PRODUCT_BUNDLE_IDENTIFIER = "wendingding.NSThread------swift-UITests";
				PRODUCT_NAME = "$(TARGET_NAME)";
				TEST_TARGET_NAME = "NSThread-线程创建(swift)";
				USES_XCTRUNNER = YES;
			};
			name = Debug;
		};
		91718B6D1CC62CD200F770F3 /* Release */ = {
			isa = XCBuildConfiguration;
			buildSettings = {
				INFOPLIST_FILE = "NSThread-线程创建(swift)UITests/Info.plist";
				LD_RUNPATH_SEARCH_PATHS = "$(inherited) @executable_path/Frameworks @loader_path/Frameworks";
				PRODUCT_BUNDLE_IDENTIFIER = "wendingding.NSThread------swift-UITests";
				PRODUCT_NAME = "$(TARGET_NAME)";
				TEST_TARGET_NAME = "NSThread-线程创建(swift)";
				USES_XCTRUNNER = YES;
			};
			name = Release;
		};
/* End XCBuildConfiguration section */

/* Begin XCConfigurationList section */
		91718B381CC62CD200F770F3 /* Build configuration list for PBXProject "NSThread-线程创建(swift)" */ = {
			isa = XCConfigurationList;
			buildConfigurations = (
				91718B631CC62CD200F770F3 /* Debug */,
				91718B641CC62CD200F770F3 /* Release */,
			);
			defaultConfigurationIsVisible = 0;
			defaultConfigurationName = Release;
		};
		91718B651CC62CD200F770F3 /* Build configuration list for PBXNativeTarget "NSThread-线程创建(swift)" */ = {
			isa = XCConfigurationList;
			buildConfigurations = (
				91718B661CC62CD200F770F3 /* Debug */,
				91718B671CC62CD200F770F3 /* Release */,
			);
			defaultConfigurationIsVisible = 0;
		};
		91718B681CC62CD200F770F3 /* Build configuration list for PBXNativeTarget "NSThread-线程创建(swift)Tests" */ = {
			isa = XCConfigurationList;
			buildConfigurations = (
				91718B691CC62CD200F770F3 /* Debug */,
				91718B6A1CC62CD200F770F3 /* Release */,
			);
			defaultConfigurationIsVisible = 0;
		};
		91718B6B1CC62CD200F770F3 /* Build configuration list for PBXNativeTarget "NSThread-线程创建(swift)UITests" */ = {
			isa = XCConfigurationList;
			buildConfigurations = (
				91718B6C1CC62CD200F770F3 /* Debug */,
				91718B6D1CC62CD200F770F3 /* Release */,
			);
			defaultConfigurationIsVisible = 0;
		};
/* End XCConfigurationList section */
	};
	rootObject = 91718B351CC62CD200F770F3 /* Project object */;
}
